
Microsoft Visual Studio Solution File, Format Version 12.00
# Visual Studio Version 16
VisualStudioVersion = 16.0.31729.503
MinimumVisualStudioVersion = 10.0.40219.1
Project("{FAE04EC0-301F-11D3-BF4B-00C04F79EFBC}") = "newproject1", "newproject1\newproject1.csproj", "{A8E427D9-BCD0-414D-99C7-9C6658EF34B0}"
EndProject
Global
	GlobalSection(SolutionConfigurationPlatforms) = preSolution
		Debug|Any CPU = Debug|Any CPU
		Release|Any CPU = Release|Any CPU
	EndGlobalSection
	GlobalSection(ProjectConfigurationPlatforms) = postSolution
		{A8E427D9-BCD0-414D-99C7-9C6658EF34B0}.Debug|Any CPU.ActiveCfg = Debug|Any CPU
		{A8E427D9-BCD0-414D-99C7-9C6658EF34B0}.Debug|Any CPU.Build.0 = Debug|Any CPU
		{A8E427D9-BCD0-414D-99C7-9C6658EF34B0}.Release|Any CPU.ActiveCfg = Release|Any CPU
		{A8E427D9-BCD0-414D-99C7-9C6658EF34B0}.Release|Any CPU.Build.0 = Release|Any CPU
	EndGlobalSection
	GlobalSection(SolutionProperties) = preSolution
		HideSolutionNode = FALSE
	EndGlobalSection
	GlobalSection(ExtensibilityGlobals) = postSolution
		SolutionGuid = {CADC7C5B-B212-4CE4-90BA-BFE0050ED5BB}
	EndGlobalSection
EndGlobal
